
Microsoft Visual Studio Solution File, Format Version 12.00
# Visual Studio 2012
Project("{8BC9CEB8-8B4A-11D0-8D11-00A0C91BC942}") = "goo", "goo\goo.vcxproj", "{C0ED9702-9414-462E-9369-216FB704C02C}"
EndProject
Project("{8BC9CEB8-8B4A-11D0-8D11-00A0C91BC942}") = "splash", "splash\splash.vcxproj", "{09C3EA4F-8542-4B8A-A5DE-A3CE79690B01}"
EndProject
Project("{8BC9CEB8-8B4A-11D0-8D11-00A0C91BC942}") = "pdf2text", "pdf2text\pdf2text.vcxproj", "{0304627D-A3B6-4472-BC93-EF6F3799DEFE}"
EndProject
Project("{8BC9CEB8-8B4A-11D0-8D11-00A0C91BC942}") = "fofi", "fofi\fofi.vcxproj", "{920479FE-455B-4EF0-AD6A-34C982BF0942}"
EndProject
Global
	GlobalSection(SolutionConfigurationPlatforms) = preSolution
		Debug|Win32 = Debug|Win32
		Release|Win32 = Release|Win32
	EndGlobalSection
	GlobalSection(ProjectConfigurationPlatforms) = postSolution
		{C0ED9702-9414-462E-9369-216FB704C02C}.Debug|Win32.ActiveCfg = Debug|Win32
		{C0ED9702-9414-462E-9369-216FB704C02C}.Debug|Win32.Build.0 = Debug|Win32
		{C0ED9702-9414-462E-9369-216FB704C02C}.Release|Win32.ActiveCfg = Release|Win32
		{C0ED9702-9414-462E-9369-216FB704C02C}.Release|Win32.Build.0 = Release|Win32
		{09C3EA4F-8542-4B8A-A5DE-A3CE79690B01}.Debug|Win32.ActiveCfg = Debug|Win32
		{09C3EA4F-8542-4B8A-A5DE-A3CE79690B01}.Debug|Win32.Build.0 = Debug|Win32
		{09C3EA4F-8542-4B8A-A5DE-A3CE79690B01}.Release|Win32.ActiveCfg = Release|Win32
		{09C3EA4F-8542-4B8A-A5DE-A3CE79690B01}.Release|Win32.Build.0 = Release|Win32
		{0304627D-A3B6-4472-BC93-EF6F3799DEFE}.Debug|Win32.ActiveCfg = Debug|Win32
		{0304627D-A3B6-4472-BC93-EF6F3799DEFE}.Debug|Win32.Build.0 = Debug|Win32
		{0304627D-A3B6-4472-BC93-EF6F3799DEFE}.Release|Win32.ActiveCfg = Release|Win32
		{0304627D-A3B6-4472-BC93-EF6F3799DEFE}.Release|Win32.Build.0 = Release|Win32
		{920479FE-455B-4EF0-AD6A-34C982BF0942}.Debug|Win32.ActiveCfg = Debug|Win32
		{920479FE-455B-4EF0-AD6A-34C982BF0942}.Debug|Win32.Build.0 = Debug|Win32
		{920479FE-455B-4EF0-AD6A-34C982BF0942}.Release|Win32.ActiveCfg = Release|Win32
		{920479FE-455B-4EF0-AD6A-34C982BF0942}.Release|Win32.Build.0 = Release|Win32
	EndGlobalSection
	GlobalSection(SolutionProperties) = preSolution
		HideSolutionNode = FALSE
	EndGlobalSection
EndGlobal
