<?xml version="1.0" encoding="utf-8"?>
<Project ToolsVersion="4.0" xmlns="http://schemas.microsoft.com/developer/msbuild/2003">
  <ItemGroup>
    <Filter Include="Source Files">
      <UniqueIdentifier>{4FC737F1-C7A5-4376-A066-2A32D752A2FF}</UniqueIdentifier>
      <Extensions>cpp;c;cc;cxx;def;odl;idl;hpj;bat;asm;asmx</Extensions>
    </Filter>
    <Filter Include="Header Files">
      <UniqueIdentifier>{93995380-89BD-4b04-88EB-625FBE52EBFB}</UniqueIdentifier>
      <Extensions>h;hpp;hxx;hm;inl;inc;xsd</Extensions>
    </Filter>
    <Filter Include="Resource Files">
      <UniqueIdentifier>{67DA6AB6-F800-4c08-8B7A-83BB121AAD01}</UniqueIdentifier>
      <Extensions>rc;ico;cur;bmp;dlg;rc2;rct;bin;rgs;gif;jpg;jpeg;jpe;resx;tiff;tif;png;wav;mfcribbon-ms</Extensions>
    </Filter>
  </ItemGroup>
  <ItemGroup>
    <ClInclude Include="Splash.h">
      <Filter>Header Files</Filter>
    </ClInclude>
    <ClInclude Include="SplashBitmap.h">
      <Filter>Header Files</Filter>
    </ClInclude>
    <ClInclude Include="SplashClip.h">
      <Filter>Header Files</Filter>
    </ClInclude>
    <ClInclude Include="SplashErrorCodes.h">
      <Filter>Header Files</Filter>
    </ClInclude>
    <ClInclude Include="SplashFont.h">
      <Filter>Header Files</Filter>
    </ClInclude>
    <ClInclude Include="SplashFontEngine.h">
      <Filter>Header Files</Filter>
    </ClInclude>
    <ClInclude Include="SplashFontFile.h">
      <Filter>Header Files</Filter>
    </ClInclude>
    <ClInclude Include="SplashFontFileID.h">
      <Filter>Header Files</Filter>
    </ClInclude>
    <ClInclude Include="SplashFTFont.h">
      <Filter>Header Files</Filter>
    </ClInclude>
    <ClInclude Include="SplashFTFontEngine.h">
      <Filter>Header Files</Filter>
    </ClInclude>
    <ClInclude Include="SplashFTFontFile.h">
      <Filter>Header Files</Filter>
    </ClInclude>
    <ClInclude Include="SplashGlyphBitmap.h">
      <Filter>Header Files</Filter>
    </ClInclude>
    <ClInclude Include="SplashMath.h">
      <Filter>Header Files</Filter>
    </ClInclude>
    <ClInclude Include="SplashPath.h">
      <Filter>Header Files</Filter>
    </ClInclude>
    <ClInclude Include="SplashPattern.h">
      <Filter>Header Files</Filter>
    </ClInclude>
    <ClInclude Include="SplashScreen.h">
      <Filter>Header Files</Filter>
    </ClInclude>
    <ClInclude Include="SplashState.h">
      <Filter>Header Files</Filter>
    </ClInclude>
    <ClInclude Include="SplashT1Font.h">
      <Filter>Header Files</Filter>
    </ClInclude>
    <ClInclude Include="SplashT1FontEngine.h">
      <Filter>Header Files</Filter>
    </ClInclude>
    <ClInclude Include="SplashT1FontFile.h">
      <Filter>Header Files</Filter>
    </ClInclude>
    <ClInclude Include="SplashTypes.h">
      <Filter>Header Files</Filter>
    </ClInclude>
    <ClInclude Include="SplashXPath.h">
      <Filter>Header Files</Filter>
    </ClInclude>
    <ClInclude Include="SplashXPathScanner.h">
      <Filter>Header Files</Filter>
    </ClInclude>
  </ItemGroup>
  <ItemGroup>
    <ClCompile Include="Splash.cc">
      <Filter>Source Files</Filter>
    </ClCompile>
    <ClCompile Include="SplashBitmap.cc">
      <Filter>Source Files</Filter>
    </ClCompile>
    <ClCompile Include="SplashClip.cc">
      <Filter>Source Files</Filter>
    </ClCompile>
    <ClCompile Include="SplashFont.cc">
      <Filter>Source Files</Filter>
    </ClCompile>
    <ClCompile Include="SplashFontEngine.cc">
      <Filter>Source Files</Filter>
    </ClCompile>
    <ClCompile Include="SplashFontFile.cc">
      <Filter>Source Files</Filter>
    </ClCompile>
    <ClCompile Include="SplashFontFileID.cc">
      <Filter>Source Files</Filter>
    </ClCompile>
    <ClCompile Include="SplashFTFont.cc">
      <Filter>Source Files</Filter>
    </ClCompile>
    <ClCompile Include="SplashFTFontEngine.cc">
      <Filter>Source Files</Filter>
    </ClCompile>
    <ClCompile Include="SplashFTFontFile.cc">
      <Filter>Source Files</Filter>
    </ClCompile>
    <ClCompile Include="SplashPath.cc">
      <Filter>Source Files</Filter>
    </ClCompile>
    <ClCompile Include="SplashPattern.cc">
      <Filter>Source Files</Filter>
    </ClCompile>
    <ClCompile Include="SplashScreen.cc">
      <Filter>Source Files</Filter>
    </ClCompile>
    <ClCompile Include="SplashState.cc">
      <Filter>Source Files</Filter>
    </ClCompile>
    <ClCompile Include="SplashT1Font.cc">
      <Filter>Source Files</Filter>
    </ClCompile>
    <ClCompile Include="SplashT1FontEngine.cc">
      <Filter>Source Files</Filter>
    </ClCompile>
    <ClCompile Include="SplashT1FontFile.cc">
      <Filter>Source Files</Filter>
    </ClCompile>
    <ClCompile Include="SplashXPath.cc">
      <Filter>Source Files</Filter>
    </ClCompile>
    <ClCompile Include="SplashXPathScanner.cc">
      <Filter>Source Files</Filter>
    </ClCompile>
  </ItemGroup>
</Project>